
Microsoft Visual Studio Solution File, Format Version 12.00
# Visual Studio Version 17
VisualStudioVersion = 17.3.32929.385
MinimumVisualStudioVersion = 10.0.40219.1
Project("{888888A0-9F3D-457C-B088-3A5042F75D52}") = "AnimeWebScraper", "AnimeWebScraper.pyproj", "{D2CBA337-574F-44D7-9FA0-505C4F19B308}"
EndProject
Global
	GlobalSection(SolutionConfigurationPlatforms) = preSolution
		Debug|Any CPU = Debug|Any CPU
		Release|Any CPU = Release|Any CPU
	EndGlobalSection
	GlobalSection(ProjectConfigurationPlatforms) = postSolution
		{D2CBA337-574F-44D7-9FA0-505C4F19B308}.Debug|Any CPU.ActiveCfg = Debug|Any CPU
		{D2CBA337-574F-44D7-9FA0-505C4F19B308}.Release|Any CPU.ActiveCfg = Release|Any CPU
	EndGlobalSection
	GlobalSection(SolutionProperties) = preSolution
		HideSolutionNode = FALSE
	EndGlobalSection
	GlobalSection(ExtensibilityGlobals) = postSolution
		SolutionGuid = {A2FC1CA8-3AAC-46E6-8CE4-2C77F3783B67}
	EndGlobalSection
EndGlobal
